
Microsoft Visual Studio Solution File, Format Version 11.00
# Visual Studio 2010
Project("{FAE04EC0-301F-11D3-BF4B-00C04F79EFBC}") = "Gasolero", "Gasolero\Gasolero.csproj", "{9923D039-CEE9-460A-8101-19A7313A43B8}"
EndProject
Project("{FAE04EC0-301F-11D3-BF4B-00C04F79EFBC}") = "Negocio", "Negocio\Negocio.csproj", "{3AE6EACA-4BD0-4694-92C8-E8AFC5953E5F}"
EndProject
Project("{FAE04EC0-301F-11D3-BF4B-00C04F79EFBC}") = "DAL", "DAL\DAL.csproj", "{E2AF5D6F-F41D-41CF-8BED-0B3709BA2D58}"
EndProject
Global
	GlobalSection(SolutionConfigurationPlatforms) = preSolution
		Debug|Any CPU = Debug|Any CPU
		Debug|Mixed Platforms = Debug|Mixed Platforms
		Debug|Win32 = Debug|Win32
		Debug|x86 = Debug|x86
		Release|Any CPU = Release|Any CPU
		Release|Mixed Platforms = Release|Mixed Platforms
		Release|Win32 = Release|Win32
		Release|x86 = Release|x86
	EndGlobalSection
	GlobalSection(ProjectConfigurationPlatforms) = postSolution
		{9923D039-CEE9-460A-8101-19A7313A43B8}.Debug|Any CPU.ActiveCfg = Debug|Any CPU
		{9923D039-CEE9-460A-8101-19A7313A43B8}.Debug|Any CPU.Build.0 = Debug|Any CPU
		{9923D039-CEE9-460A-8101-19A7313A43B8}.Debug|Mixed Platforms.ActiveCfg = Debug|Any CPU
		{9923D039-CEE9-460A-8101-19A7313A43B8}.Debug|Mixed Platforms.Build.0 = Debug|Any CPU
		{9923D039-CEE9-460A-8101-19A7313A43B8}.Debug|Win32.ActiveCfg = Debug|x86
		{9923D039-CEE9-460A-8101-19A7313A43B8}.Debug|x86.ActiveCfg = Debug|x86
		{9923D039-CEE9-460A-8101-19A7313A43B8}.Debug|x86.Build.0 = Debug|x86
		{9923D039-CEE9-460A-8101-19A7313A43B8}.Release|Any CPU.ActiveCfg = Release|Any CPU
		{9923D039-CEE9-460A-8101-19A7313A43B8}.Release|Any CPU.Build.0 = Release|Any CPU
		{9923D039-CEE9-460A-8101-19A7313A43B8}.Release|Mixed Platforms.ActiveCfg = Release|Any CPU
		{9923D039-CEE9-460A-8101-19A7313A43B8}.Release|Mixed Platforms.Build.0 = Release|Any CPU
		{9923D039-CEE9-460A-8101-19A7313A43B8}.Release|Win32.ActiveCfg = Release|Any CPU
		{9923D039-CEE9-460A-8101-19A7313A43B8}.Release|x86.ActiveCfg = Release|x86
		{9923D039-CEE9-460A-8101-19A7313A43B8}.Release|x86.Build.0 = Release|x86
		{3AE6EACA-4BD0-4694-92C8-E8AFC5953E5F}.Debug|Any CPU.ActiveCfg = Debug|Any CPU
		{3AE6EACA-4BD0-4694-92C8-E8AFC5953E5F}.Debug|Any CPU.Build.0 = Debug|Any CPU
		{3AE6EACA-4BD0-4694-92C8-E8AFC5953E5F}.Debug|Mixed Platforms.ActiveCfg = Debug|Any CPU
		{3AE6EACA-4BD0-4694-92C8-E8AFC5953E5F}.Debug|Mixed Platforms.Build.0 = Debug|Any CPU
		{3AE6EACA-4BD0-4694-92C8-E8AFC5953E5F}.Debug|Win32.ActiveCfg = Debug|Any CPU
		{3AE6EACA-4BD0-4694-92C8-E8AFC5953E5F}.Debug|x86.ActiveCfg = Debug|x86
		{3AE6EACA-4BD0-4694-92C8-E8AFC5953E5F}.Debug|x86.Build.0 = Debug|x86
		{3AE6EACA-4BD0-4694-92C8-E8AFC5953E5F}.Release|Any CPU.ActiveCfg = Release|Any CPU
		{3AE6EACA-4BD0-4694-92C8-E8AFC5953E5F}.Release|Any CPU.Build.0 = Release|Any CPU
		{3AE6EACA-4BD0-4694-92C8-E8AFC5953E5F}.Release|Mixed Platforms.ActiveCfg = Release|Any CPU
		{3AE6EACA-4BD0-4694-92C8-E8AFC5953E5F}.Release|Mixed Platforms.Build.0 = Release|Any CPU
		{3AE6EACA-4BD0-4694-92C8-E8AFC5953E5F}.Release|Win32.ActiveCfg = Release|Any CPU
		{3AE6EACA-4BD0-4694-92C8-E8AFC5953E5F}.Release|x86.ActiveCfg = Release|x86
		{3AE6EACA-4BD0-4694-92C8-E8AFC5953E5F}.Release|x86.Build.0 = Release|x86
		{E2AF5D6F-F41D-41CF-8BED-0B3709BA2D58}.Debug|Any CPU.ActiveCfg = Debug|Any CPU
		{E2AF5D6F-F41D-41CF-8BED-0B3709BA2D58}.Debug|Any CPU.Build.0 = Debug|Any CPU
		{E2AF5D6F-F41D-41CF-8BED-0B3709BA2D58}.Debug|Mixed Platforms.ActiveCfg = Debug|Any CPU
		{E2AF5D6F-F41D-41CF-8BED-0B3709BA2D58}.Debug|Mixed Platforms.Build.0 = Debug|Any CPU
		{E2AF5D6F-F41D-41CF-8BED-0B3709BA2D58}.Debug|Win32.ActiveCfg = Debug|x86
		{E2AF5D6F-F41D-41CF-8BED-0B3709BA2D58}.Debug|x86.ActiveCfg = Debug|x86
		{E2AF5D6F-F41D-41CF-8BED-0B3709BA2D58}.Debug|x86.Build.0 = Debug|x86
		{E2AF5D6F-F41D-41CF-8BED-0B3709BA2D58}.Release|Any CPU.ActiveCfg = Release|Any CPU
		{E2AF5D6F-F41D-41CF-8BED-0B3709BA2D58}.Release|Any CPU.Build.0 = Release|Any CPU
		{E2AF5D6F-F41D-41CF-8BED-0B3709BA2D58}.Release|Mixed Platforms.ActiveCfg = Release|Any CPU
		{E2AF5D6F-F41D-41CF-8BED-0B3709BA2D58}.Release|Mixed Platforms.Build.0 = Release|Any CPU
		{E2AF5D6F-F41D-41CF-8BED-0B3709BA2D58}.Release|Win32.ActiveCfg = Release|Any CPU
		{E2AF5D6F-F41D-41CF-8BED-0B3709BA2D58}.Release|x86.ActiveCfg = Release|x86
		{E2AF5D6F-F41D-41CF-8BED-0B3709BA2D58}.Release|x86.Build.0 = Release|x86
	EndGlobalSection
	GlobalSection(SolutionProperties) = preSolution
		HideSolutionNode = FALSE
	EndGlobalSection
EndGlobal
